
Microsoft Visual Studio Solution File, Format Version 12.00
# Visual Studio Version 16
VisualStudioVersion = 16.0.29001.49
MinimumVisualStudioVersion = 10.0.40219.1
Project("{FAE04EC0-301F-11D3-BF4B-00C04F79EFBC}") = "EagleServicesWebAppDemo", "EagleServicesWebAppDemo\EagleServicesWebAppDemo.csproj", "{706D883C-3CC0-45BE-B5DB-3339406C6840}"
EndProject
Global
	GlobalSection(SolutionConfigurationPlatforms) = preSolution
		Debug|Any CPU = Debug|Any CPU
		Release|Any CPU = Release|Any CPU
	EndGlobalSection
	GlobalSection(ProjectConfigurationPlatforms) = postSolution
		{706D883C-3CC0-45BE-B5DB-3339406C6840}.Debug|Any CPU.ActiveCfg = Debug|Any CPU
		{706D883C-3CC0-45BE-B5DB-3339406C6840}.Debug|Any CPU.Build.0 = Debug|Any CPU
		{706D883C-3CC0-45BE-B5DB-3339406C6840}.Release|Any CPU.ActiveCfg = Release|Any CPU
		{706D883C-3CC0-45BE-B5DB-3339406C6840}.Release|Any CPU.Build.0 = Release|Any CPU
	EndGlobalSection
	GlobalSection(SolutionProperties) = preSolution
		HideSolutionNode = FALSE
	EndGlobalSection
	GlobalSection(ExtensibilityGlobals) = postSolution
		SolutionGuid = {79B674DC-8D2F-4D9D-85A2-C64BE71A3B52}
	EndGlobalSection
EndGlobal
